// !$*UTF8*$!
{
	archiveVersion = 1;
	classes = {
	};
	objectVersion = 46;
	objects = {

/* Begin PBXBuildFile section */
		1EE791191A03AA8600F059D8 /* main.m in Sources */ = {isa = PBXBuildFile; fileRef = 1EE791181A03AA8600F059D8 /* main.m */; };
		1EE7911C1A03AA8600F059D8 /* AppDelegate.m in Sources */ = {isa = PBXBuildFile; fileRef = 1EE7911B1A03AA8600F059D8 /* AppDelegate.m */; };
		1EE7911F1A03AA8600F059D8 /* TabViewController.m in Sources */ = {isa = PBXBuildFile; fileRef = 1EE7911E1A03AA8600F059D8 /* TabViewController.m */; };
		1EE791331A03AA8600F059D8 /* tabSampleTests.m in Sources */ = {isa = PBXBuildFile; fileRef = 1EE791321A03AA8600F059D8 /* tabSampleTests.m */; };
		1EE7913E1A03ADAD00F059D8 /* tabVIew.m in Sources */ = {isa = PBXBuildFile; fileRef = 1EE7913D1A03ADAD00F059D8 /* tabVIew.m */; };
/* End PBXBuildFile section */

/* Begin PBXContainerItemProxy section */
		1EE7912D1A03AA8600F059D8 /* PBXContainerItemProxy */ = {
			isa = PBXContainerItemProxy;
			containerPortal = 1EE7910B1A03AA8600F059D8 /* Project object */;
			proxyType = 1;
			remoteGlobalIDString = 1EE791121A03AA8600F059D8;
			remoteInfo = tabSample;
		};
/* End PBXContainerItemProxy section */

/* Begin PBXFileReference section */
		1EE791131A03AA8600F059D8 /* tabSample.app */ = {isa = PBXFileReference; explicitFileType = wrapper.application; includeInIndex = 0; path = tabSample.app; sourceTree = BUILT_PRODUCTS_DIR; };
		1EE791171A03AA8600F059D8 /* Info.plist */ = {isa = PBXFileReference; lastKnownFileType = text.plist.xml; path = Info.plist; sourceTree = "<group>"; };
		1EE791181A03AA8600F059D8 /* main.m */ = {isa = PBXFileReference; lastKnownFileType = sourcecode.c.objc; path = main.m; sourceTree = "<group>"; };
		1EE7911A1A03AA8600F059D8 /* AppDelegate.h */ = {isa = PBXFileReference; lastKnownFileType = sourcecode.c.h; path = AppDelegate.h; sourceTree = "<group>"; };
		1EE7911B1A03AA8600F059D8 /* AppDelegate.m */ = {isa = PBXFileReference; lastKnownFileType = sourcecode.c.objc; path = AppDelegate.m; sourceTree = "<group>"; };
		1EE7911D1A03AA8600F059D8 /* TabViewController.h */ = {isa = PBXFileReference; lastKnownFileType = sourcecode.c.h; path = TabViewController.h; sourceTree = "<group>"; };
		1EE7911E1A03AA8600F059D8 /* TabViewController.m */ = {isa = PBXFileReference; lastKnownFileType = sourcecode.c.objc; path = TabViewController.m; sourceTree = "<group>"; };
		1EE7912C1A03AA8600F059D8 /* tabSampleTests.xctest */ = {isa = PBXFileReference; explicitFileType = wrapper.cfbundle; includeInIndex = 0; path = tabSampleTests.xctest; sourceTree = BUILT_PRODUCTS_DIR; };
		1EE791311A03AA8600F059D8 /* Info.plist */ = {isa = PBXFileReference; lastKnownFileType = text.plist.xml; path = Info.plist; sourceTree = "<group>"; };
		1EE791321A03AA8600F059D8 /* tabSampleTests.m */ = {isa = PBXFileReference; lastKnownFileType = sourcecode.c.objc; path = tabSampleTests.m; sourceTree = "<group>"; };
		1EE7913C1A03ADAD00F059D8 /* tabVIew.h */ = {isa = PBXFileReference; fileEncoding = 4; lastKnownFileType = sourcecode.c.h; path = tabVIew.h; sourceTree = "<group>"; };
		1EE7913D1A03ADAD00F059D8 /* tabVIew.m */ = {isa = PBXFileReference; fileEncoding = 4; lastKnownFileType = sourcecode.c.objc; path = tabVIew.m; sourceTree = "<group>"; };
/* End PBXFileReference section */

/* Begin PBXFrameworksBuildPhase section */
		1EE791101A03AA8600F059D8 /* Frameworks */ = {
			isa = PBXFrameworksBuildPhase;
			buildActionMask = 2147483647;
			files = (
			);
			runOnlyForDeploymentPostprocessing = 0;
		};
		1EE791291A03AA8600F059D8 /* Frameworks */ = {
			isa = PBXFrameworksBuildPhase;
			buildActionMask = 2147483647;
			files = (
			);
			runOnlyForDeploymentPostprocessing = 0;
		};
/* End PBXFrameworksBuildPhase section */

/* Begin PBXGroup section */
		1EE7910A1A03AA8600F059D8 = {
			isa = PBXGroup;
			children = (
				1EE791151A03AA8600F059D8 /* tabSample */,
				1EE7912F1A03AA8600F059D8 /* tabSampleTests */,
				1EE791141A03AA8600F059D8 /* Products */,
			);
			sourceTree = "<group>";
		};
		1EE791141A03AA8600F059D8 /* Products */ = {
			isa = PBXGroup;
			children = (
				1EE791131A03AA8600F059D8 /* tabSample.app */,
				1EE7912C1A03AA8600F059D8 /* tabSampleTests.xctest */,
			);
			name = Products;
			sourceTree = "<group>";
		};
		1EE791151A03AA8600F059D8 /* tabSample */ = {
			isa = PBXGroup;
			children = (
				1EE7911A1A03AA8600F059D8 /* AppDelegate.h */,
				1EE7911B1A03AA8600F059D8 /* AppDelegate.m */,
				1EE7911D1A03AA8600F059D8 /* TabViewController.h */,
				1EE7911E1A03AA8600F059D8 /* TabViewController.m */,
				1EE7913C1A03ADAD00F059D8 /* tabVIew.h */,
				1EE7913D1A03ADAD00F059D8 /* tabVIew.m */,
				1EE791161A03AA8600F059D8 /* Supporting Files */,
			);
			path = tabSample;
			sourceTree = "<group>";
		};
		1EE791161A03AA8600F059D8 /* Supporting Files */ = {
			isa = PBXGroup;
			children = (
				1EE791171A03AA8600F059D8 /* Info.plist */,
				1EE791181A03AA8600F059D8 /* main.m */,
			);
			name = "Supporting Files";
			sourceTree = "<group>";
		};
		1EE7912F1A03AA8600F059D8 /* tabSampleTests */ = {
			isa = PBXGroup;
			children = (
				1EE791321A03AA8600F059D8 /* tabSampleTests.m */,
				1EE791301A03AA8600F059D8 /* Supporting Files */,
			);
			path = tabSampleTests;
			sourceTree = "<group>";
		};
		1EE791301A03AA8600F059D8 /* Supporting Files */ = {
			isa = PBXGroup;
			children = (
				1EE791311A03AA8600F059D8 /* Info.plist */,
			);
			name = "Supporting Files";
			sourceTree = "<group>";
		};
/* End PBXGroup section */

/* Begin PBXNativeTarget section */
		1EE791121A03AA8600F059D8 /* tabSample */ = {
			isa = PBXNativeTarget;
			buildConfigurationList = 1EE791361A03AA8600F059D8 /* Build configuration list for PBXNativeTarget "tabSample" */;
			buildPhases = (
				1EE7910F1A03AA8600F059D8 /* Sources */,
				1EE791101A03AA8600F059D8 /* Frameworks */,
				1EE791111A03AA8600F059D8 /* Resources */,
			);
			buildRules = (
			);
			dependencies = (
			);
			name = tabSample;
			productName = tabSample;
			productReference = 1EE791131A03AA8600F059D8 /* tabSample.app */;
			productType = "com.apple.product-type.application";
		};
		1EE7912B1A03AA8600F059D8 /* tabSampleTests */ = {
			isa = PBXNativeTarget;
			buildConfigurationList = 1EE791391A03AA8600F059D8 /* Build configuration list for PBXNativeTarget "tabSampleTests" */;
			buildPhases = (
				1EE791281A03AA8600F059D8 /* Sources */,
				1EE791291A03AA8600F059D8 /* Frameworks */,
				1EE7912A1A03AA8600F059D8 /* Resources */,
			);
			buildRules = (
			);
			dependencies = (
				1EE7912E1A03AA8600F059D8 /* PBXTargetDependency */,
			);
			name = tabSampleTests;
			productName = tabSampleTests;
			productReference = 1EE7912C1A03AA8600F059D8 /* tabSampleTests.xctest */;
			productType = "com.apple.product-type.bundle.unit-test";
		};
/* End PBXNativeTarget section */

/* Begin PBXProject section */
		1EE7910B1A03AA8600F059D8 /* Project object */ = {
			isa = PBXProject;
			attributes = {
				LastUpgradeCheck = 0600;
				ORGANIZATIONNAME = mmusasabi;
				TargetAttributes = {
					1EE791121A03AA8600F059D8 = {
						CreatedOnToolsVersion = 6.0.1;
					};
					1EE7912B1A03AA8600F059D8 = {
						CreatedOnToolsVersion = 6.0.1;
						TestTargetID = 1EE791121A03AA8600F059D8;
					};
				};
			};
			buildConfigurationList = 1EE7910E1A03AA8600F059D8 /* Build configuration list for PBXProject "tabSample" */;
			compatibilityVersion = "Xcode 3.2";
			developmentRegion = English;
			hasScannedForEncodings = 0;
			knownRegions = (
				en,
				Base,
			);
			mainGroup = 1EE7910A1A03AA8600F059D8;
			productRefGroup = 1EE791141A03AA8600F059D8 /* Products */;
			projectDirPath = "";
			projectRoot = "";
			targets = (
				1EE791121A03AA8600F059D8 /* tabSample */,
				1EE7912B1A03AA8600F059D8 /* tabSampleTests */,
			);
		};
/* End PBXProject section */

/* Begin PBXResourcesBuildPhase section */
		1EE791111A03AA8600F059D8 /* Resources */ = {
			isa = PBXResourcesBuildPhase;
			buildActionMask = 2147483647;
			files = (
			);
			runOnlyForDeploymentPostprocessing = 0;
		};
		1EE7912A1A03AA8600F059D8 /* Resources */ = {
			isa = PBXResourcesBuildPhase;
			buildActionMask = 2147483647;
			files = (
			);
			runOnlyForDeploymentPostprocessing = 0;
		};
/* End PBXResourcesBuildPhase section */

/* Begin PBXSourcesBuildPhase section */
		1EE7910F1A03AA8600F059D8 /* Sources */ = {
			isa = PBXSourcesBuildPhase;
			buildActionMask = 2147483647;
			files = (
				1EE7911F1A03AA8600F059D8 /* TabViewController.m in Sources */,
				1EE7911C1A03AA8600F059D8 /* AppDelegate.m in Sources */,
				1EE7913E1A03ADAD00F059D8 /* tabVIew.m in Sources */,
				1EE791191A03AA8600F059D8 /* main.m in Sources */,
			);
			runOnlyForDeploymentPostprocessing = 0;
		};
		1EE791281A03AA8600F059D8 /* Sources */ = {
			isa = PBXSourcesBuildPhase;
			buildActionMask = 2147483647;
			files = (
				1EE791331A03AA8600F059D8 /* tabSampleTests.m in Sources */,
			);
			runOnlyForDeploymentPostprocessing = 0;
		};
/* End PBXSourcesBuildPhase section */

/* Begin PBXTargetDependency section */
		1EE7912E1A03AA8600F059D8 /* PBXTargetDependency */ = {
			isa = PBXTargetDependency;
			target = 1EE791121A03AA8600F059D8 /* tabSample */;
			targetProxy = 1EE7912D1A03AA8600F059D8 /* PBXContainerItemProxy */;
		};
/* End PBXTargetDependency section */

/* Begin XCBuildConfiguration section */
		1EE791341A03AA8600F059D8 /* Debug */ = {
			isa = XCBuildConfiguration;
			buildSettings = {
				ALWAYS_SEARCH_USER_PATHS = NO;
				CLANG_CXX_LANGUAGE_STANDARD = "gnu++0x";
				CLANG_CXX_LIBRARY = "libc++";
				CLANG_ENABLE_MODULES = YES;
				CLANG_ENABLE_OBJC_ARC = YES;
				CLANG_WARN_BOOL_CONVERSION = YES;
				CLANG_WARN_CONSTANT_CONVERSION = YES;
				CLANG_WARN_DIRECT_OBJC_ISA_USAGE = YES_ERROR;
				CLANG_WARN_EMPTY_BODY = YES;
				CLANG_WARN_ENUM_CONVERSION = YES;
				CLANG_WARN_INT_CONVERSION = YES;
				CLANG_WARN_OBJC_ROOT_CLASS = YES_ERROR;
				CLANG_WARN_UNREACHABLE_CODE = YES;
				CLANG_WARN__DUPLICATE_METHOD_MATCH = YES;
				"CODE_SIGN_IDENTITY[sdk=iphoneos*]" = "iPhone Developer";
				COPY_PHASE_STRIP = NO;
				ENABLE_STRICT_OBJC_MSGSEND = YES;
				GCC_C_LANGUAGE_STANDARD = gnu99;
				GCC_DYNAMIC_NO_PIC = NO;
				GCC_OPTIMIZATION_LEVEL = 0;
				GCC_PREPROCESSOR_DEFINITIONS = (
					"DEBUG=1",
					"$(inherited)",
				);
				GCC_SYMBOLS_PRIVATE_EXTERN = NO;
				GCC_WARN_64_TO_32_BIT_CONVERSION = YES;
				GCC_WARN_ABOUT_RETURN_TYPE = YES_ERROR;
				GCC_WARN_UNDECLARED_SELECTOR = YES;
				GCC_WARN_UNINITIALIZED_AUTOS = YES_AGGRESSIVE;
				GCC_WARN_UNUSED_FUNCTION = YES;
				GCC_WARN_UNUSED_VARIABLE = YES;
				IPHONEOS_DEPLOYMENT_TARGET = 8.0;
				MTL_ENABLE_DEBUG_INFO = YES;
				ONLY_ACTIVE_ARCH = YES;
				SDKROOT = iphoneos;
			};
			name = Debug;
		};
		1EE791351A03AA8600F059D8 /* Release */ = {
			isa = XCBuildConfiguration;
			buildSettings = {
				ALWAYS_SEARCH_USER_PATHS = NO;
				CLANG_CXX_LANGUAGE_STANDARD = "gnu++0x";
				CLANG_CXX_LIBRARY = "libc++";
				CLANG_ENABLE_MODULES = YES;
				CLANG_ENABLE_OBJC_ARC = YES;
				CLANG_WARN_BOOL_CONVERSION = YES;
				CLANG_WARN_CONSTANT_CONVERSION = YES;
				CLANG_WARN_DIRECT_OBJC_ISA_USAGE = YES_ERROR;
				CLANG_WARN_EMPTY_BODY = YES;
				CLANG_WARN_ENUM_CONVERSION = YES;
				CLANG_WARN_INT_CONVERSION = YES;
				CLANG_WARN_OBJC_ROOT_CLASS = YES_ERROR;
				CLANG_WARN_UNREACHABLE_CODE = YES;
				CLANG_WARN__DUPLICATE_METHOD_MATCH = YES;
				"CODE_SIGN_IDENTITY[sdk=iphoneos*]" = "iPhone Developer";
				COPY_PHASE_STRIP = YES;
				ENABLE_NS_ASSERTIONS = NO;
				ENABLE_STRICT_OBJC_MSGSEND = YES;
				GCC_C_LANGUAGE_STANDARD = gnu99;
				GCC_WARN_64_TO_32_BIT_CONVERSION = YES;
				GCC_WARN_ABOUT_RETURN_TYPE = YES_ERROR;
				GCC_WARN_UNDECLARED_SELECTOR = YES;
				GCC_WARN_UNINITIALIZED_AUTOS = YES_AGGRESSIVE;
				GCC_WARN_UNUSED_FUNCTION = YES;
				GCC_WARN_UNUSED_VARIABLE = YES;
				IPHONEOS_DEPLOYMENT_TARGET = 8.0;
				MTL_ENABLE_DEBUG_INFO = NO;
				SDKROOT = iphoneos;
				VALIDATE_PRODUCT = YES;
			};
			name = Release;
		};
		1EE791371A03AA8600F059D8 /* Debug */ = {
			isa = XCBuildConfiguration;
			buildSettings = {
				ASSETCATALOG_COMPILER_APPICON_NAME = AppIcon;
				INFOPLIST_FILE = tabSample/Info.plist;
				LD_RUNPATH_SEARCH_PATHS = "$(inherited) @executable_path/Frameworks";
				PRODUCT_NAME = "$(TARGET_NAME)";
			};
			name = Debug;
		};
		1EE791381A03AA8600F059D8 /* Release */ = {
			isa = XCBuildConfiguration;
			buildSettings = {
				ASSETCATALOG_COMPILER_APPICON_NAME = AppIcon;
				INFOPLIST_FILE = tabSample/Info.plist;
				LD_RUNPATH_SEARCH_PATHS = "$(inherited) @executable_path/Frameworks";
				PRODUCT_NAME = "$(TARGET_NAME)";
			};
			name = Release;
		};
		1EE7913A1A03AA8600F059D8 /* Debug */ = {
			isa = XCBuildConfiguration;
			buildSettings = {
				BUNDLE_LOADER = "$(TEST_HOST)";
				FRAMEWORK_SEARCH_PATHS = (
					"$(SDKROOT)/Developer/Library/Frameworks",
					"$(inherited)",
				);
				GCC_PREPROCESSOR_DEFINITIONS = (
					"DEBUG=1",
					"$(inherited)",
				);
				INFOPLIST_FILE = tabSampleTests/Info.plist;
				LD_RUNPATH_SEARCH_PATHS = "$(inherited) @executable_path/Frameworks @loader_path/Frameworks";
				PRODUCT_NAME = "$(TARGET_NAME)";
				TEST_HOST = "$(BUILT_PRODUCTS_DIR)/tabSample.app/tabSample";
			};
			name = Debug;
		};
		1EE7913B1A03AA8600F059D8 /* Release */ = {
			isa = XCBuildConfiguration;
			buildSettings = {
				BUNDLE_LOADER = "$(TEST_HOST)";
				FRAMEWORK_SEARCH_PATHS = (
					"$(SDKROOT)/Developer/Library/Frameworks",
					"$(inherited)",
				);
				INFOPLIST_FILE = tabSampleTests/Info.plist;
				LD_RUNPATH_SEARCH_PATHS = "$(inherited) @executable_path/Frameworks @loader_path/Frameworks";
				PRODUCT_NAME = "$(TARGET_NAME)";
				TEST_HOST = "$(BUILT_PRODUCTS_DIR)/tabSample.app/tabSample";
			};
			name = Release;
		};
/* End XCBuildConfiguration section */

/* Begin XCConfigurationList section */
		1EE7910E1A03AA8600F059D8 /* Build configuration list for PBXProject "tabSample" */ = {
			isa = XCConfigurationList;
			buildConfigurations = (
				1EE791341A03AA8600F059D8 /* Debug */,
				1EE791351A03AA8600F059D8 /* Release */,
			);
			defaultConfigurationIsVisible = 0;
			defaultConfigurationName = Release;
		};
		1EE791361A03AA8600F059D8 /* Build configuration list for PBXNativeTarget "tabSample" */ = {
			isa = XCConfigurationList;
			buildConfigurations = (
				1EE791371A03AA8600F059D8 /* Debug */,
				1EE791381A03AA8600F059D8 /* Release */,
			);
			defaultConfigurationIsVisible = 0;
		};
		1EE791391A03AA8600F059D8 /* Build configuration list for PBXNativeTarget "tabSampleTests" */ = {
			isa = XCConfigurationList;
			buildConfigurations = (
				1EE7913A1A03AA8600F059D8 /* Debug */,
				1EE7913B1A03AA8600F059D8 /* Release */,
			);
			defaultConfigurationIsVisible = 0;
		};
/* End XCConfigurationList section */
	};
	rootObject = 1EE7910B1A03AA8600F059D8 /* Project object */;
}
